
Microsoft Visual Studio Solution File, Format Version 12.00
# Visual Studio Version 16
VisualStudioVersion = 16.0.30128.74
MinimumVisualStudioVersion = 10.0.40219.1
Project("{FAE04EC0-301F-11D3-BF4B-00C04F79EFBC}") = "Appointment_Service", "Appointment_Service\Appointment_Service.csproj", "{8C197132-483A-4237-8422-8D1BF4632D1D}"
EndProject
Project("{FAE04EC0-301F-11D3-BF4B-00C04F79EFBC}") = "DataObjects", "DataObjects\DataObjects.csproj", "{49DC0715-5BA8-452C-B61D-4D0D94AD7235}"
EndProject
Project("{FAE04EC0-301F-11D3-BF4B-00C04F79EFBC}") = "DataAccessLayer", "DataAccessLayer\DataAccessLayer.csproj", "{88963532-6238-4908-9963-6B8A4CD5ED9A}"
EndProject
Global
	GlobalSection(SolutionConfigurationPlatforms) = preSolution
		Debug|Any CPU = Debug|Any CPU
		Release|Any CPU = Release|Any CPU
	EndGlobalSection
	GlobalSection(ProjectConfigurationPlatforms) = postSolution
		{8C197132-483A-4237-8422-8D1BF4632D1D}.Debug|Any CPU.ActiveCfg = Debug|Any CPU
		{8C197132-483A-4237-8422-8D1BF4632D1D}.Debug|Any CPU.Build.0 = Debug|Any CPU
		{8C197132-483A-4237-8422-8D1BF4632D1D}.Release|Any CPU.ActiveCfg = Release|Any CPU
		{8C197132-483A-4237-8422-8D1BF4632D1D}.Release|Any CPU.Build.0 = Release|Any CPU
		{49DC0715-5BA8-452C-B61D-4D0D94AD7235}.Debug|Any CPU.ActiveCfg = Debug|Any CPU
		{49DC0715-5BA8-452C-B61D-4D0D94AD7235}.Debug|Any CPU.Build.0 = Debug|Any CPU
		{49DC0715-5BA8-452C-B61D-4D0D94AD7235}.Release|Any CPU.ActiveCfg = Release|Any CPU
		{49DC0715-5BA8-452C-B61D-4D0D94AD7235}.Release|Any CPU.Build.0 = Release|Any CPU
		{88963532-6238-4908-9963-6B8A4CD5ED9A}.Debug|Any CPU.ActiveCfg = Debug|Any CPU
		{88963532-6238-4908-9963-6B8A4CD5ED9A}.Debug|Any CPU.Build.0 = Debug|Any CPU
		{88963532-6238-4908-9963-6B8A4CD5ED9A}.Release|Any CPU.ActiveCfg = Release|Any CPU
		{88963532-6238-4908-9963-6B8A4CD5ED9A}.Release|Any CPU.Build.0 = Release|Any CPU
	EndGlobalSection
	GlobalSection(SolutionProperties) = preSolution
		HideSolutionNode = FALSE
	EndGlobalSection
	GlobalSection(ExtensibilityGlobals) = postSolution
		SolutionGuid = {12BE4679-D5A2-4109-8F54-4DDB63A7D545}
	EndGlobalSection
EndGlobal
