
Microsoft Visual Studio Solution File, Format Version 12.00
# Visual Studio Version 16
VisualStudioVersion = 16.0.30128.74
MinimumVisualStudioVersion = 10.0.40219.1
Project("{FAE04EC0-301F-11D3-BF4B-00C04F79EFBC}") = "mvc_web_api", "mvc_web_api\mvc_web_api.csproj", "{091D0586-7F9D-44DD-9A63-41F2DA57FDFD}"
EndProject
Global
	GlobalSection(SolutionConfigurationPlatforms) = preSolution
		Debug|Any CPU = Debug|Any CPU
		Release|Any CPU = Release|Any CPU
	EndGlobalSection
	GlobalSection(ProjectConfigurationPlatforms) = postSolution
		{091D0586-7F9D-44DD-9A63-41F2DA57FDFD}.Debug|Any CPU.ActiveCfg = Debug|Any CPU
		{091D0586-7F9D-44DD-9A63-41F2DA57FDFD}.Debug|Any CPU.Build.0 = Debug|Any CPU
		{091D0586-7F9D-44DD-9A63-41F2DA57FDFD}.Release|Any CPU.ActiveCfg = Release|Any CPU
		{091D0586-7F9D-44DD-9A63-41F2DA57FDFD}.Release|Any CPU.Build.0 = Release|Any CPU
	EndGlobalSection
	GlobalSection(SolutionProperties) = preSolution
		HideSolutionNode = FALSE
	EndGlobalSection
	GlobalSection(ExtensibilityGlobals) = postSolution
		SolutionGuid = {751AC46D-E5F4-4E12-B740-6EF3BE669D2D}
	EndGlobalSection
EndGlobal
