
Microsoft Visual Studio Solution File, Format Version 12.00
# Visual Studio Version 16
VisualStudioVersion = 16.0.30128.74
MinimumVisualStudioVersion = 10.0.40219.1
Project("{FAE04EC0-301F-11D3-BF4B-00C04F79EFBC}") = "login_mvc_core", "login_mvc_core\login_mvc_core.csproj", "{B013CB6B-402A-4DF2-8F45-F3C9DE2ABAA8}"
EndProject
Global
	GlobalSection(SolutionConfigurationPlatforms) = preSolution
		Debug|Any CPU = Debug|Any CPU
		Release|Any CPU = Release|Any CPU
	EndGlobalSection
	GlobalSection(ProjectConfigurationPlatforms) = postSolution
		{B013CB6B-402A-4DF2-8F45-F3C9DE2ABAA8}.Debug|Any CPU.ActiveCfg = Debug|Any CPU
		{B013CB6B-402A-4DF2-8F45-F3C9DE2ABAA8}.Debug|Any CPU.Build.0 = Debug|Any CPU
		{B013CB6B-402A-4DF2-8F45-F3C9DE2ABAA8}.Release|Any CPU.ActiveCfg = Release|Any CPU
		{B013CB6B-402A-4DF2-8F45-F3C9DE2ABAA8}.Release|Any CPU.Build.0 = Release|Any CPU
	EndGlobalSection
	GlobalSection(SolutionProperties) = preSolution
		HideSolutionNode = FALSE
	EndGlobalSection
	GlobalSection(ExtensibilityGlobals) = postSolution
		SolutionGuid = {64DA4CAA-E6A7-4E8F-9FC7-918DBB4932C7}
	EndGlobalSection
EndGlobal
